
Microsoft Visual Studio Solution File, Format Version 12.00
# Visual Studio Version 17
VisualStudioVersion = 17.7.34202.233
MinimumVisualStudioVersion = 10.0.40219.1
Project("{FAE04EC0-301F-11D3-BF4B-00C04F79EFBC}") = "CMPT", "CMPT\CMPT.csproj", "{6918311F-ED5F-456D-B537-4B95034C48CF}"
EndProject
Global
	GlobalSection(SolutionConfigurationPlatforms) = preSolution
		Debug|Any CPU = Debug|Any CPU
		Release|Any CPU = Release|Any CPU
	EndGlobalSection
	GlobalSection(ProjectConfigurationPlatforms) = postSolution
		{6918311F-ED5F-456D-B537-4B95034C48CF}.Debug|Any CPU.ActiveCfg = Debug|Any CPU
		{6918311F-ED5F-456D-B537-4B95034C48CF}.Debug|Any CPU.Build.0 = Debug|Any CPU
		{6918311F-ED5F-456D-B537-4B95034C48CF}.Release|Any CPU.ActiveCfg = Release|Any CPU
		{6918311F-ED5F-456D-B537-4B95034C48CF}.Release|Any CPU.Build.0 = Release|Any CPU
	EndGlobalSection
	GlobalSection(SolutionProperties) = preSolution
		HideSolutionNode = FALSE
	EndGlobalSection
	GlobalSection(ExtensibilityGlobals) = postSolution
		SolutionGuid = {A7C98522-FA8E-456F-A018-BE675E517F3E}
	EndGlobalSection
EndGlobal
